<?xml version="1.0" encoding="utf-8"?>
<Project ToolsVersion="4.0" xmlns="http://schemas.microsoft.com/developer/msbuild/2003">
  <ItemGroup>
    <Filter Include="ソース ファイル">
      <UniqueIdentifier>{4FC737F1-C7A5-4376-A066-2A32D752A2FF}</UniqueIdentifier>
      <Extensions>cpp;c;cc;cxx;c++;cppm;ixx;def;odl;idl;hpj;bat;asm;asmx</Extensions>
    </Filter>
    <Filter Include="ヘッダー ファイル">
      <UniqueIdentifier>{93995380-89BD-4b04-88EB-625FBE52EBFB}</UniqueIdentifier>
      <Extensions>h;hh;hpp;hxx;h++;hm;inl;inc;ipp;xsd</Extensions>
    </Filter>
    <Filter Include="リソース ファイル">
      <UniqueIdentifier>{67DA6AB6-F800-4c08-8B7A-83BB121AAD01}</UniqueIdentifier>
      <Extensions>rc;ico;cur;bmp;dlg;rc2;rct;bin;rgs;gif;jpg;jpeg;jpe;resx;tiff;tif;png;wav;mfcribbon-ms</Extensions>
    </Filter>
    <Filter Include="String">
      <UniqueIdentifier>{92787b60-bbf6-42b8-923c-e7a5c6497c38}</UniqueIdentifier>
    </Filter>
    <Filter Include="Math">
      <UniqueIdentifier>{7671d120-dbd3-45bd-891b-5beb8d85d5ab}</UniqueIdentifier>
    </Filter>
    <Filter Include="Render">
      <UniqueIdentifier>{9f27f9be-29c7-496d-9c8b-051e06842e96}</UniqueIdentifier>
    </Filter>
    <Filter Include="imgui">
      <UniqueIdentifier>{e6aab315-db5a-458e-a434-c71b8efb11d4}</UniqueIdentifier>
    </Filter>
    <Filter Include="Texture">
      <UniqueIdentifier>{ccd25494-8864-4478-85d6-5147c3188ef2}</UniqueIdentifier>
    </Filter>
    <Filter Include="Create">
      <UniqueIdentifier>{889ff872-73da-42e3-a449-bb9b2a4a7219}</UniqueIdentifier>
    </Filter>
    <Filter Include="Descriptor">
      <UniqueIdentifier>{4b65ff6b-7eb6-4681-9182-4191a9b63da5}</UniqueIdentifier>
    </Filter>
    <Filter Include="Model">
      <UniqueIdentifier>{143b218a-367d-4711-a7fd-008924bd7bda}</UniqueIdentifier>
    </Filter>
    <Filter Include="Base">
      <UniqueIdentifier>{9a9921f6-a3ad-4eda-ba51-4e3fa0843c2c}</UniqueIdentifier>
    </Filter>
    <Filter Include="3D">
      <UniqueIdentifier>{5c994ff3-038c-410e-a4d0-1aac27211028}</UniqueIdentifier>
    </Filter>
    <Filter Include="2D">
      <UniqueIdentifier>{e5822814-93d1-4af8-bfd3-86c05bba8b3a}</UniqueIdentifier>
    </Filter>
    <Filter Include="シェーダ">
      <UniqueIdentifier>{c0fe13e8-8231-4a1b-ac1c-784807b87d54}</UniqueIdentifier>
    </Filter>
    <Filter Include="Scene">
      <UniqueIdentifier>{b8ff11c6-a1b0-456f-a9b2-0f0e2c1a2db5}</UniqueIdentifier>
    </Filter>
    <Filter Include="Timer">
      <UniqueIdentifier>{66b332a3-f4f2-4a7b-ae4c-5b5a9eb27d60}</UniqueIdentifier>
    </Filter>
  </ItemGroup>
  <ItemGroup>
    <ClCompile Include="main.cpp">
      <Filter>ソース ファイル</Filter>
    </ClCompile>
    <ClCompile Include="Header\Math\Matrix2x2.cpp">
      <Filter>Math</Filter>
    </ClCompile>
    <ClCompile Include="Header\Math\Matrix3x3.cpp">
      <Filter>Math</Filter>
    </ClCompile>
    <ClCompile Include="Header\Math\Matrix4x4.cpp">
      <Filter>Math</Filter>
    </ClCompile>
    <ClCompile Include="Header\Math\Polar.cpp">
      <Filter>Math</Filter>
    </ClCompile>
    <ClCompile Include="Header\Math\Vector2.cpp">
      <Filter>Math</Filter>
    </ClCompile>
    <ClCompile Include="Header\Math\Vector3.cpp">
      <Filter>Math</Filter>
    </ClCompile>
    <ClCompile Include="Header\Math\Math.cpp">
      <Filter>Math</Filter>
    </ClCompile>
    <ClCompile Include="Header\Render\Render.cpp">
      <Filter>Render</Filter>
    </ClCompile>
    <ClCompile Include="externals\imgui\imgui.cpp">
      <Filter>imgui</Filter>
    </ClCompile>
    <ClCompile Include="externals\imgui\imgui_demo.cpp">
      <Filter>imgui</Filter>
    </ClCompile>
    <ClCompile Include="externals\imgui\imgui_draw.cpp">
      <Filter>imgui</Filter>
    </ClCompile>
    <ClCompile Include="externals\imgui\imgui_impl_dx12.cpp">
      <Filter>imgui</Filter>
    </ClCompile>
    <ClCompile Include="externals\imgui\imgui_impl_win32.cpp">
      <Filter>imgui</Filter>
    </ClCompile>
    <ClCompile Include="externals\imgui\imgui_tables.cpp">
      <Filter>imgui</Filter>
    </ClCompile>
    <ClCompile Include="externals\imgui\imgui_widgets.cpp">
      <Filter>imgui</Filter>
    </ClCompile>
    <ClCompile Include="Header\Math\Transform.cpp">
      <Filter>Math</Filter>
    </ClCompile>
    <ClCompile Include="Header\Texture\Texture.cpp">
      <Filter>Texture</Filter>
    </ClCompile>
    <ClCompile Include="Header\Create\Create.cpp">
      <Filter>Create</Filter>
    </ClCompile>
    <ClCompile Include="Header\Math\Lerp.cpp">
      <Filter>Math</Filter>
    </ClCompile>
    <ClCompile Include="Header\Model\Model.cpp">
      <Filter>Model</Filter>
    </ClCompile>
    <ClCompile Include="DirectBase\Base\DirectXCommon.cpp">
      <Filter>Base</Filter>
    </ClCompile>
    <ClCompile Include="DirectBase\Base\WinApp.cpp">
      <Filter>Base</Filter>
    </ClCompile>
    <ClCompile Include="DirectBase\Base\ImGuiManager.cpp">
      <Filter>Base</Filter>
    </ClCompile>
    <ClCompile Include="DirectBase\3D\ViewProjection\ViewProjection.cpp">
      <Filter>3D</Filter>
    </ClCompile>
    <ClCompile Include="DirectBase\Base\TextureManager.cpp">
      <Filter>Base</Filter>
    </ClCompile>
    <ClCompile Include="DirectBase\2D\Sprite.cpp">
      <Filter>2D</Filter>
    </ClCompile>
    <ClCompile Include="DirectBase\Base\LeakChecker.cpp">
      <Filter>Base</Filter>
    </ClCompile>
    <ClCompile Include="DirectBase\3D\DirectionLight.cpp">
      <Filter>3D</Filter>
    </ClCompile>
    <ClCompile Include="Scene\SceneManager.cpp">
      <Filter>Scene</Filter>
    </ClCompile>
    <ClCompile Include="DirectBase\Base\Shader.cpp">
      <Filter>Base</Filter>
    </ClCompile>
    <ClCompile Include="DirectBase\Base\PipelineState.cpp">
      <Filter>Base</Filter>
    </ClCompile>
    <ClCompile Include="Header\Timer\TImer.cpp">
      <Filter>Timer</Filter>
    </ClCompile>
    <ClCompile Include="Scene\GameScene.cpp">
      <Filter>Scene</Filter>
    </ClCompile>
  </ItemGroup>
  <ItemGroup>
    <ClInclude Include="Header\String\String.hpp">
      <Filter>String</Filter>
    </ClInclude>
    <ClInclude Include="Header\Math\Math.hpp">
      <Filter>Math</Filter>
    </ClInclude>
    <ClInclude Include="Header\Math\Matrix2x2.h">
      <Filter>Math</Filter>
    </ClInclude>
    <ClInclude Include="Header\Math\Matrix3x3.h">
      <Filter>Math</Filter>
    </ClInclude>
    <ClInclude Include="Header\Math\Matrix4x4.h">
      <Filter>Math</Filter>
    </ClInclude>
    <ClInclude Include="Header\Math\Polar.h">
      <Filter>Math</Filter>
    </ClInclude>
    <ClInclude Include="Header\Math\Vector2.h">
      <Filter>Math</Filter>
    </ClInclude>
    <ClInclude Include="Header\Math\Vector3.h">
      <Filter>Math</Filter>
    </ClInclude>
    <ClInclude Include="Header\Math\Vector4.h">
      <Filter>Math</Filter>
    </ClInclude>
    <ClInclude Include="Header\Math\Transform.h">
      <Filter>Math</Filter>
    </ClInclude>
    <ClInclude Include="Header\Render\Render.hpp">
      <Filter>Render</Filter>
    </ClInclude>
    <ClInclude Include="externals\imgui\imgui.h">
      <Filter>imgui</Filter>
    </ClInclude>
    <ClInclude Include="externals\imgui\imgui_impl_dx12.h">
      <Filter>imgui</Filter>
    </ClInclude>
    <ClInclude Include="externals\imgui\imgui_impl_win32.h">
      <Filter>imgui</Filter>
    </ClInclude>
    <ClInclude Include="externals\imgui\imgui_internal.h">
      <Filter>imgui</Filter>
    </ClInclude>
    <ClInclude Include="externals\imgui\imstb_rectpack.h">
      <Filter>imgui</Filter>
    </ClInclude>
    <ClInclude Include="externals\imgui\imstb_textedit.h">
      <Filter>imgui</Filter>
    </ClInclude>
    <ClInclude Include="externals\imgui\imstb_truetype.h">
      <Filter>imgui</Filter>
    </ClInclude>
    <ClInclude Include="externals\imgui\imconfig.h">
      <Filter>imgui</Filter>
    </ClInclude>
    <ClInclude Include="Header\Texture\Texture.h">
      <Filter>Texture</Filter>
    </ClInclude>
    <ClInclude Include="Header\Create\Create.h">
      <Filter>Create</Filter>
    </ClInclude>
    <ClInclude Include="Header\Math\Lerp.h">
      <Filter>Math</Filter>
    </ClInclude>
    <ClInclude Include="Header\Descriptor\DescriptorHandIe.h">
      <Filter>Descriptor</Filter>
    </ClInclude>
    <ClInclude Include="Header\Model\Model.h">
      <Filter>Model</Filter>
    </ClInclude>
    <ClInclude Include="DirectBase\Base\DirectXCommon.h">
      <Filter>Base</Filter>
    </ClInclude>
    <ClInclude Include="DirectBase\Base\WinApp.h">
      <Filter>Base</Filter>
    </ClInclude>
    <ClInclude Include="DirectBase\Base\ImGuiManager.h">
      <Filter>Base</Filter>
    </ClInclude>
    <ClInclude Include="DirectBase\3D\ViewProjection\ViewProjection.h">
      <Filter>3D</Filter>
    </ClInclude>
    <ClInclude Include="DirectBase\Base\TextureManager.h">
      <Filter>Base</Filter>
    </ClInclude>
    <ClInclude Include="DirectBase\2D\Sprite.h">
      <Filter>2D</Filter>
    </ClInclude>
    <ClInclude Include="DirectBase\Base\Shader.h">
      <Filter>Base</Filter>
    </ClInclude>
    <ClInclude Include="DirectBase\Base\PipelineState.h">
      <Filter>Base</Filter>
    </ClInclude>
    <ClInclude Include="DirectBase\Base\LeakChecker.h">
      <Filter>Base</Filter>
    </ClInclude>
    <ClInclude Include="DirectBase\3D\DirectionLight.h">
      <Filter>3D</Filter>
    </ClInclude>
    <ClInclude Include="Scene\SceneManager.h">
      <Filter>Scene</Filter>
    </ClInclude>
    <ClInclude Include="Header\Timer\Timer.h">
      <Filter>Timer</Filter>
    </ClInclude>
    <ClInclude Include="Scene\GameScene.h">
      <Filter>Scene</Filter>
    </ClInclude>
  </ItemGroup>
  <ItemGroup>
    <FxCompile Include="Object3d.VS.hlsl">
      <Filter>シェーダ</Filter>
    </FxCompile>
    <FxCompile Include="Object3d.PS.hlsl">
      <Filter>シェーダ</Filter>
    </FxCompile>
    <FxCompile Include="Sprite.VS.hlsl">
      <Filter>シェーダ</Filter>
    </FxCompile>
    <FxCompile Include="Sprite.PS.hlsl">
      <Filter>シェーダ</Filter>
    </FxCompile>
  </ItemGroup>
  <ItemGroup>
    <Text Include="externals\imgui\LICENSE.txt">
      <Filter>imgui</Filter>
    </Text>
  </ItemGroup>
  <ItemGroup>
    <None Include="Object3d.hlsli">
      <Filter>シェーダ</Filter>
    </None>
    <None Include="Sprite.hlsli">
      <Filter>シェーダ</Filter>
    </None>
  </ItemGroup>
</Project>