<?xml version="1.0" encoding="utf-8"?>
<Project ToolsVersion="4.0" xmlns="http://schemas.microsoft.com/developer/msbuild/2003">
  <ItemGroup>
    <Filter Include="ソース ファイル">
      <UniqueIdentifier>{4FC737F1-C7A5-4376-A066-2A32D752A2FF}</UniqueIdentifier>
      <Extensions>cpp;c;cc;cxx;c++;cppm;ixx;def;odl;idl;hpj;bat;asm;asmx</Extensions>
    </Filter>
    <Filter Include="ヘッダー ファイル">
      <UniqueIdentifier>{93995380-89BD-4b04-88EB-625FBE52EBFB}</UniqueIdentifier>
      <Extensions>h;hh;hpp;hxx;h++;hm;inl;inc;ipp;xsd</Extensions>
    </Filter>
    <Filter Include="リソース ファイル">
      <UniqueIdentifier>{67DA6AB6-F800-4c08-8B7A-83BB121AAD01}</UniqueIdentifier>
      <Extensions>rc;ico;cur;bmp;dlg;rc2;rct;bin;rgs;gif;jpg;jpeg;jpe;resx;tiff;tif;png;wav;mfcribbon-ms</Extensions>
    </Filter>
    <Filter Include="Scene">
      <UniqueIdentifier>{b8ff11c6-a1b0-456f-a9b2-0f0e2c1a2db5}</UniqueIdentifier>
    </Filter>
    <Filter Include="Engine">
      <UniqueIdentifier>{67363b50-94d7-49e0-aabd-ccdcd0f4d0f0}</UniqueIdentifier>
    </Filter>
    <Filter Include="Engine\Model">
      <UniqueIdentifier>{143b218a-367d-4711-a7fd-008924bd7bda}</UniqueIdentifier>
    </Filter>
    <Filter Include="Engine\Math">
      <UniqueIdentifier>{7671d120-dbd3-45bd-891b-5beb8d85d5ab}</UniqueIdentifier>
    </Filter>
    <Filter Include="Engine\Input">
      <UniqueIdentifier>{175675a6-8b1e-4269-9a34-0ee1b0d38c10}</UniqueIdentifier>
    </Filter>
    <Filter Include="Engine\imgui">
      <UniqueIdentifier>{e6aab315-db5a-458e-a434-c71b8efb11d4}</UniqueIdentifier>
    </Filter>
    <Filter Include="Engine\Descriptor">
      <UniqueIdentifier>{4b65ff6b-7eb6-4681-9182-4191a9b63da5}</UniqueIdentifier>
    </Filter>
    <Filter Include="Engine\Create">
      <UniqueIdentifier>{889ff872-73da-42e3-a449-bb9b2a4a7219}</UniqueIdentifier>
    </Filter>
    <Filter Include="Engine\Base">
      <UniqueIdentifier>{9a9921f6-a3ad-4eda-ba51-4e3fa0843c2c}</UniqueIdentifier>
    </Filter>
    <Filter Include="Engine\3D">
      <UniqueIdentifier>{5c994ff3-038c-410e-a4d0-1aac27211028}</UniqueIdentifier>
    </Filter>
    <Filter Include="Engine\2D">
      <UniqueIdentifier>{e5822814-93d1-4af8-bfd3-86c05bba8b3a}</UniqueIdentifier>
    </Filter>
    <Filter Include="Engine\Render">
      <UniqueIdentifier>{9f27f9be-29c7-496d-9c8b-051e06842e96}</UniqueIdentifier>
    </Filter>
    <Filter Include="Engine\String">
      <UniqueIdentifier>{92787b60-bbf6-42b8-923c-e7a5c6497c38}</UniqueIdentifier>
    </Filter>
    <Filter Include="Engine\Texture">
      <UniqueIdentifier>{ccd25494-8864-4478-85d6-5147c3188ef2}</UniqueIdentifier>
    </Filter>
    <Filter Include="Engine\Timer">
      <UniqueIdentifier>{66b332a3-f4f2-4a7b-ae4c-5b5a9eb27d60}</UniqueIdentifier>
    </Filter>
    <Filter Include="Engine\Shader">
      <UniqueIdentifier>{c0fe13e8-8231-4a1b-ac1c-784807b87d54}</UniqueIdentifier>
    </Filter>
    <Filter Include="Header">
      <UniqueIdentifier>{70021064-7ab7-4ec2-9901-25c7e7295690}</UniqueIdentifier>
    </Filter>
    <Filter Include="Header\Entity">
      <UniqueIdentifier>{3111759b-0bb8-488a-a007-ceee6c80174c}</UniqueIdentifier>
    </Filter>
    <Filter Include="Header\FollowCamera">
      <UniqueIdentifier>{045a8eee-9582-423c-bec6-9aca40ef0678}</UniqueIdentifier>
    </Filter>
    <Filter Include="Header\Object">
      <UniqueIdentifier>{3bbf4198-9917-49b3-b95c-1fe74a021585}</UniqueIdentifier>
    </Filter>
    <Filter Include="Header\Entity\Component">
      <UniqueIdentifier>{a686d45a-498c-4ad2-b9e7-3cbab9f39e24}</UniqueIdentifier>
    </Filter>
    <Filter Include="Header\Collision">
      <UniqueIdentifier>{2d432e2a-c249-44f0-95d4-ec01c6a7bc70}</UniqueIdentifier>
    </Filter>
  </ItemGroup>
  <ItemGroup>
    <ClCompile Include="main.cpp">
      <Filter>ソース ファイル</Filter>
    </ClCompile>
    <ClCompile Include="Header\Math\Matrix2x2.cpp">
      <Filter>Engine\Math</Filter>
    </ClCompile>
    <ClCompile Include="Header\Math\Matrix3x3.cpp">
      <Filter>Engine\Math</Filter>
    </ClCompile>
    <ClCompile Include="Header\Math\Matrix4x4.cpp">
      <Filter>Engine\Math</Filter>
    </ClCompile>
    <ClCompile Include="Header\Math\Polar.cpp">
      <Filter>Engine\Math</Filter>
    </ClCompile>
    <ClCompile Include="Header\Math\Vector2.cpp">
      <Filter>Engine\Math</Filter>
    </ClCompile>
    <ClCompile Include="Header\Math\Vector3.cpp">
      <Filter>Engine\Math</Filter>
    </ClCompile>
    <ClCompile Include="Header\Math\Math.cpp">
      <Filter>Engine\Math</Filter>
    </ClCompile>
    <ClCompile Include="Header\Render\Render.cpp">
      <Filter>Engine\Render</Filter>
    </ClCompile>
    <ClCompile Include="externals\imgui\imgui.cpp">
      <Filter>Engine\imgui</Filter>
    </ClCompile>
    <ClCompile Include="externals\imgui\imgui_demo.cpp">
      <Filter>Engine\imgui</Filter>
    </ClCompile>
    <ClCompile Include="externals\imgui\imgui_draw.cpp">
      <Filter>Engine\imgui</Filter>
    </ClCompile>
    <ClCompile Include="externals\imgui\imgui_impl_dx12.cpp">
      <Filter>Engine\imgui</Filter>
    </ClCompile>
    <ClCompile Include="externals\imgui\imgui_impl_win32.cpp">
      <Filter>Engine\imgui</Filter>
    </ClCompile>
    <ClCompile Include="externals\imgui\imgui_tables.cpp">
      <Filter>Engine\imgui</Filter>
    </ClCompile>
    <ClCompile Include="externals\imgui\imgui_widgets.cpp">
      <Filter>Engine\imgui</Filter>
    </ClCompile>
    <ClCompile Include="Header\Math\Transform.cpp">
      <Filter>Engine\Math</Filter>
    </ClCompile>
    <ClCompile Include="Header\Texture\Texture.cpp">
      <Filter>Engine\Texture</Filter>
    </ClCompile>
    <ClCompile Include="Header\Create\Create.cpp">
      <Filter>Engine\Create</Filter>
    </ClCompile>
    <ClCompile Include="Header\Math\Lerp.cpp">
      <Filter>Engine\Math</Filter>
    </ClCompile>
    <ClCompile Include="Header\Model\Model.cpp">
      <Filter>Engine\Model</Filter>
    </ClCompile>
    <ClCompile Include="DirectBase\Base\DirectXCommon.cpp">
      <Filter>Engine\Base</Filter>
    </ClCompile>
    <ClCompile Include="DirectBase\Base\WinApp.cpp">
      <Filter>Engine\Base</Filter>
    </ClCompile>
    <ClCompile Include="DirectBase\Base\ImGuiManager.cpp">
      <Filter>Engine\Base</Filter>
    </ClCompile>
    <ClCompile Include="DirectBase\3D\ViewProjection\ViewProjection.cpp">
      <Filter>Engine\3D</Filter>
    </ClCompile>
    <ClCompile Include="DirectBase\Base\TextureManager.cpp">
      <Filter>Engine\Base</Filter>
    </ClCompile>
    <ClCompile Include="DirectBase\2D\Sprite.cpp">
      <Filter>Engine\2D</Filter>
    </ClCompile>
    <ClCompile Include="DirectBase\Base\LeakChecker.cpp">
      <Filter>Engine\Base</Filter>
    </ClCompile>
    <ClCompile Include="DirectBase\3D\DirectionLight.cpp">
      <Filter>Engine\3D</Filter>
    </ClCompile>
    <ClCompile Include="Scene\SceneManager.cpp">
      <Filter>Scene</Filter>
    </ClCompile>
    <ClCompile Include="DirectBase\Base\Shader.cpp">
      <Filter>Engine\Base</Filter>
    </ClCompile>
    <ClCompile Include="DirectBase\Base\PipelineState.cpp">
      <Filter>Engine\Base</Filter>
    </ClCompile>
    <ClCompile Include="Header\Timer\TImer.cpp">
      <Filter>Engine\Timer</Filter>
    </ClCompile>
    <ClCompile Include="Scene\GameScene.cpp">
      <Filter>Scene</Filter>
    </ClCompile>
    <ClCompile Include="Scene\TitleScene.cpp">
      <Filter>Scene</Filter>
    </ClCompile>
    <ClCompile Include="DirectBase\Input\Input.cpp">
      <Filter>Engine\Input</Filter>
    </ClCompile>
    <ClCompile Include="DirectBase\Base\Audio.cpp">
      <Filter>Engine\Base</Filter>
    </ClCompile>
    <ClCompile Include="Header\Entity\BaseCharacter.cpp">
      <Filter>Header\Entity</Filter>
    </ClCompile>
    <ClCompile Include="Header\Entity\Player.cpp">
      <Filter>Header\Entity</Filter>
    </ClCompile>
    <ClCompile Include="Header\Entity\FollowCamera.cpp">
      <Filter>Header\FollowCamera</Filter>
    </ClCompile>
    <ClCompile Include="Header\Object\Ground.cpp">
      <Filter>Header\Object</Filter>
    </ClCompile>
    <ClCompile Include="Header\Entity\Object.cpp">
      <Filter>Header\Entity</Filter>
    </ClCompile>
    <ClCompile Include="Header\Entity\Component\Collider.cpp">
      <Filter>Header\Entity\Component</Filter>
    </ClCompile>
    <ClCompile Include="Header\Entity\Component\ModelComp.cpp">
      <Filter>Header\Entity\Component</Filter>
    </ClCompile>
    <ClCompile Include="Header\Entity\Component\PlayerComp.cpp">
      <Filter>Header\Entity\Component</Filter>
    </ClCompile>
    <ClCompile Include="Header\Entity\Component\Rigidbody.cpp">
      <Filter>Header\Entity\Component</Filter>
    </ClCompile>
    <ClCompile Include="Header\Entity\PlayerBullet.cpp">
      <Filter>Header\Entity</Filter>
    </ClCompile>
    <ClCompile Include="Header\Entity\Component\PlayerBulletComp.cpp">
      <Filter>Header\Entity\Component</Filter>
    </ClCompile>
    <ClCompile Include="Header\Entity\Enemy.cpp">
      <Filter>Header\Entity</Filter>
    </ClCompile>
    <ClCompile Include="Header\Collision\Collision.cpp">
      <Filter>Header\Collision</Filter>
    </ClCompile>
    <ClCompile Include="Header\Collision\Target.cpp">
      <Filter>Header\Collision</Filter>
    </ClCompile>
    <ClCompile Include="Header\Entity\Component\Projectile.cpp">
      <Filter>ソース ファイル</Filter>
    </ClCompile>
    <ClCompile Include="Header\Entity\Component\HealthComp.cpp">
      <Filter>ソース ファイル</Filter>
    </ClCompile>
  </ItemGroup>
  <ItemGroup>
    <ClInclude Include="Header\String\String.hpp">
      <Filter>Engine\String</Filter>
    </ClInclude>
    <ClInclude Include="Header\Math\Math.hpp">
      <Filter>Engine\Math</Filter>
    </ClInclude>
    <ClInclude Include="Header\Math\Matrix2x2.h">
      <Filter>Engine\Math</Filter>
    </ClInclude>
    <ClInclude Include="Header\Math\Matrix3x3.h">
      <Filter>Engine\Math</Filter>
    </ClInclude>
    <ClInclude Include="Header\Math\Matrix4x4.h">
      <Filter>Engine\Math</Filter>
    </ClInclude>
    <ClInclude Include="Header\Math\Polar.h">
      <Filter>Engine\Math</Filter>
    </ClInclude>
    <ClInclude Include="Header\Math\Vector2.h">
      <Filter>Engine\Math</Filter>
    </ClInclude>
    <ClInclude Include="Header\Math\Vector3.h">
      <Filter>Engine\Math</Filter>
    </ClInclude>
    <ClInclude Include="Header\Math\Vector4.h">
      <Filter>Engine\Math</Filter>
    </ClInclude>
    <ClInclude Include="Header\Math\Transform.h">
      <Filter>Engine\Math</Filter>
    </ClInclude>
    <ClInclude Include="Header\Render\Render.hpp">
      <Filter>Engine\Render</Filter>
    </ClInclude>
    <ClInclude Include="externals\imgui\imgui.h">
      <Filter>Engine\imgui</Filter>
    </ClInclude>
    <ClInclude Include="externals\imgui\imgui_impl_dx12.h">
      <Filter>Engine\imgui</Filter>
    </ClInclude>
    <ClInclude Include="externals\imgui\imgui_impl_win32.h">
      <Filter>Engine\imgui</Filter>
    </ClInclude>
    <ClInclude Include="externals\imgui\imgui_internal.h">
      <Filter>Engine\imgui</Filter>
    </ClInclude>
    <ClInclude Include="externals\imgui\imstb_rectpack.h">
      <Filter>Engine\imgui</Filter>
    </ClInclude>
    <ClInclude Include="externals\imgui\imstb_textedit.h">
      <Filter>Engine\imgui</Filter>
    </ClInclude>
    <ClInclude Include="externals\imgui\imstb_truetype.h">
      <Filter>Engine\imgui</Filter>
    </ClInclude>
    <ClInclude Include="externals\imgui\imconfig.h">
      <Filter>Engine\imgui</Filter>
    </ClInclude>
    <ClInclude Include="Header\Texture\Texture.h">
      <Filter>Engine\Texture</Filter>
    </ClInclude>
    <ClInclude Include="Header\Create\Create.h">
      <Filter>Engine\Create</Filter>
    </ClInclude>
    <ClInclude Include="Header\Math\Lerp.h">
      <Filter>Engine\Math</Filter>
    </ClInclude>
    <ClInclude Include="Header\Descriptor\DescriptorHandIe.h">
      <Filter>Engine\Descriptor</Filter>
    </ClInclude>
    <ClInclude Include="Header\Model\Model.h">
      <Filter>Engine\Model</Filter>
    </ClInclude>
    <ClInclude Include="DirectBase\Base\DirectXCommon.h">
      <Filter>Engine\Base</Filter>
    </ClInclude>
    <ClInclude Include="DirectBase\Base\WinApp.h">
      <Filter>Engine\Base</Filter>
    </ClInclude>
    <ClInclude Include="DirectBase\Base\ImGuiManager.h">
      <Filter>Engine\Base</Filter>
    </ClInclude>
    <ClInclude Include="DirectBase\3D\ViewProjection\ViewProjection.h">
      <Filter>Engine\3D</Filter>
    </ClInclude>
    <ClInclude Include="DirectBase\Base\TextureManager.h">
      <Filter>Engine\Base</Filter>
    </ClInclude>
    <ClInclude Include="DirectBase\2D\Sprite.h">
      <Filter>Engine\2D</Filter>
    </ClInclude>
    <ClInclude Include="DirectBase\Base\Shader.h">
      <Filter>Engine\Base</Filter>
    </ClInclude>
    <ClInclude Include="DirectBase\Base\PipelineState.h">
      <Filter>Engine\Base</Filter>
    </ClInclude>
    <ClInclude Include="DirectBase\Base\LeakChecker.h">
      <Filter>Engine\Base</Filter>
    </ClInclude>
    <ClInclude Include="DirectBase\3D\DirectionLight.h">
      <Filter>Engine\3D</Filter>
    </ClInclude>
    <ClInclude Include="Scene\SceneManager.h">
      <Filter>Scene</Filter>
    </ClInclude>
    <ClInclude Include="Header\Timer\Timer.h">
      <Filter>Engine\Timer</Filter>
    </ClInclude>
    <ClInclude Include="Scene\GameScene.h">
      <Filter>Scene</Filter>
    </ClInclude>
    <ClInclude Include="Scene\TitleScene.h">
      <Filter>Scene</Filter>
    </ClInclude>
    <ClInclude Include="DirectBase\Base\ResourceLoader.h">
      <Filter>Engine\Base</Filter>
    </ClInclude>
    <ClInclude Include="Header\Model\MinecraftModel.h">
      <Filter>Engine\Model</Filter>
    </ClInclude>
    <ClInclude Include="DirectBase\Input\Input.h">
      <Filter>Engine\Input</Filter>
    </ClInclude>
    <ClInclude Include="DirectBase\Base\Audio.h">
      <Filter>Engine\Base</Filter>
    </ClInclude>
    <ClInclude Include="Header\Entity\BaseCharacter.h">
      <Filter>Header\Entity</Filter>
    </ClInclude>
    <ClInclude Include="Header\Model\ModelManager.h">
      <Filter>Engine\Model</Filter>
    </ClInclude>
    <ClInclude Include="Header\Entity\Player.h">
      <Filter>Header\Entity</Filter>
    </ClInclude>
    <ClInclude Include="Header\Entity\FollowCamera.h">
      <Filter>Header\FollowCamera</Filter>
    </ClInclude>
    <ClInclude Include="Header\Object\Ground.h">
      <Filter>Header\Object</Filter>
    </ClInclude>
    <ClInclude Include="Header\Entity\Object.h">
      <Filter>Header\Entity</Filter>
    </ClInclude>
    <ClInclude Include="Header\Entity\Component\Collider.h">
      <Filter>Header\Entity\Component</Filter>
    </ClInclude>
    <ClInclude Include="Header\Entity\Component\ModelComp.h">
      <Filter>Header\Entity\Component</Filter>
    </ClInclude>
    <ClInclude Include="Header\Entity\Component\PlayerComp.h">
      <Filter>Header\Entity\Component</Filter>
    </ClInclude>
    <ClInclude Include="Header\Entity\Component\Rigidbody.h">
      <Filter>Header\Entity\Component</Filter>
    </ClInclude>
    <ClInclude Include="Header\Entity\PlayerBullet.h">
      <Filter>Header\Entity</Filter>
    </ClInclude>
    <ClInclude Include="Header\Entity\Component\PlayerBulletComp.h">
      <Filter>Header\Entity\Component</Filter>
    </ClInclude>
    <ClInclude Include="Header\Entity\Enemy.h">
      <Filter>Header\Entity</Filter>
    </ClInclude>
    <ClInclude Include="Header\Collision\Collision.h">
      <Filter>Header\Collision</Filter>
    </ClInclude>
    <ClInclude Include="Header\Collision\Target.h">
      <Filter>Header\Collision</Filter>
    </ClInclude>
    <ClInclude Include="Header\Entity\Component\Projectile.h">
      <Filter>Header\Entity\Component</Filter>
    </ClInclude>
    <ClInclude Include="Header\Entity\Component\HealthComp.h">
      <Filter>Header\Entity\Component</Filter>
    </ClInclude>
  </ItemGroup>
  <ItemGroup>
    <Text Include="externals\imgui\LICENSE.txt">
      <Filter>Engine\imgui</Filter>
    </Text>
  </ItemGroup>
  <ItemGroup>
    <FxCompile Include="resources\shader\Sprite.PS.hlsl">
      <Filter>Engine\Shader</Filter>
    </FxCompile>
    <FxCompile Include="resources\shader\Sprite.VS.hlsl">
      <Filter>Engine\Shader</Filter>
    </FxCompile>
    <FxCompile Include="resources\shader\Object3d.PS.hlsl">
      <Filter>Engine\Shader</Filter>
    </FxCompile>
    <FxCompile Include="resources\shader\Object3d.VS.hlsl">
      <Filter>Engine\Shader</Filter>
    </FxCompile>
  </ItemGroup>
  <ItemGroup>
    <None Include="resources\shader\Object3d.hlsli">
      <Filter>Engine\Shader</Filter>
    </None>
    <None Include="resources\shader\Sprite.hlsli">
      <Filter>Engine\Shader</Filter>
    </None>
  </ItemGroup>
</Project>