<?xml version="1.0" encoding="utf-8"?>
<Project ToolsVersion="4.0" xmlns="http://schemas.microsoft.com/developer/msbuild/2003">
  <ItemGroup>
    <Filter Include="ソース ファイル">
      <UniqueIdentifier>{4FC737F1-C7A5-4376-A066-2A32D752A2FF}</UniqueIdentifier>
      <Extensions>cpp;c;cc;cxx;c++;cppm;ixx;def;odl;idl;hpj;bat;asm;asmx</Extensions>
    </Filter>
    <Filter Include="ヘッダー ファイル">
      <UniqueIdentifier>{93995380-89BD-4b04-88EB-625FBE52EBFB}</UniqueIdentifier>
      <Extensions>h;hh;hpp;hxx;h++;hm;inl;inc;ipp;xsd</Extensions>
    </Filter>
    <Filter Include="リソース ファイル">
      <UniqueIdentifier>{67DA6AB6-F800-4c08-8B7A-83BB121AAD01}</UniqueIdentifier>
      <Extensions>rc;ico;cur;bmp;dlg;rc2;rct;bin;rgs;gif;jpg;jpeg;jpe;resx;tiff;tif;png;wav;mfcribbon-ms</Extensions>
    </Filter>
    <Filter Include="Scene">
      <UniqueIdentifier>{b8ff11c6-a1b0-456f-a9b2-0f0e2c1a2db5}</UniqueIdentifier>
    </Filter>
    <Filter Include="Engine">
      <UniqueIdentifier>{67363b50-94d7-49e0-aabd-ccdcd0f4d0f0}</UniqueIdentifier>
    </Filter>
    <Filter Include="Engine\Model">
      <UniqueIdentifier>{143b218a-367d-4711-a7fd-008924bd7bda}</UniqueIdentifier>
    </Filter>
    <Filter Include="Engine\Input">
      <UniqueIdentifier>{175675a6-8b1e-4269-9a34-0ee1b0d38c10}</UniqueIdentifier>
    </Filter>
    <Filter Include="Engine\Descriptor">
      <UniqueIdentifier>{4b65ff6b-7eb6-4681-9182-4191a9b63da5}</UniqueIdentifier>
    </Filter>
    <Filter Include="Engine\Create">
      <UniqueIdentifier>{889ff872-73da-42e3-a449-bb9b2a4a7219}</UniqueIdentifier>
    </Filter>
    <Filter Include="Engine\Base">
      <UniqueIdentifier>{9a9921f6-a3ad-4eda-ba51-4e3fa0843c2c}</UniqueIdentifier>
    </Filter>
    <Filter Include="Engine\3D">
      <UniqueIdentifier>{5c994ff3-038c-410e-a4d0-1aac27211028}</UniqueIdentifier>
    </Filter>
    <Filter Include="Engine\2D">
      <UniqueIdentifier>{e5822814-93d1-4af8-bfd3-86c05bba8b3a}</UniqueIdentifier>
    </Filter>
    <Filter Include="Engine\Render">
      <UniqueIdentifier>{9f27f9be-29c7-496d-9c8b-051e06842e96}</UniqueIdentifier>
    </Filter>
    <Filter Include="Engine\String">
      <UniqueIdentifier>{92787b60-bbf6-42b8-923c-e7a5c6497c38}</UniqueIdentifier>
    </Filter>
    <Filter Include="Engine\Texture">
      <UniqueIdentifier>{ccd25494-8864-4478-85d6-5147c3188ef2}</UniqueIdentifier>
    </Filter>
    <Filter Include="Engine\Shader">
      <UniqueIdentifier>{c0fe13e8-8231-4a1b-ac1c-784807b87d54}</UniqueIdentifier>
    </Filter>
    <Filter Include="Engine\File">
      <UniqueIdentifier>{a57a9446-25a3-40cb-9a13-fcf1624ed26c}</UniqueIdentifier>
    </Filter>
    <Filter Include="Engine\Render\Camera">
      <UniqueIdentifier>{cd7e589c-b725-4086-9c87-50cc51413a95}</UniqueIdentifier>
    </Filter>
    <Filter Include="Engine\Utils">
      <UniqueIdentifier>{279151ca-7479-49ba-9dd1-6af1aee69a0a}</UniqueIdentifier>
    </Filter>
    <Filter Include="Engine\Utils\Math">
      <UniqueIdentifier>{01a70b64-c804-487f-8af2-9946a6128e21}</UniqueIdentifier>
    </Filter>
    <Filter Include="Engine\Utils\SoLib">
      <UniqueIdentifier>{718943a2-fecd-4a48-a88c-ffda723192fa}</UniqueIdentifier>
    </Filter>
    <Filter Include="Engine\Render\CameraAnimations">
      <UniqueIdentifier>{1b09de97-f37d-47ef-a58e-986936e385cd}</UniqueIdentifier>
    </Filter>
    <Filter Include="Engine\Utils\Graphics">
      <UniqueIdentifier>{34273b47-9ebb-47d3-b275-7eee60fc69bf}</UniqueIdentifier>
    </Filter>
    <Filter Include="Engine\Utils\IO">
      <UniqueIdentifier>{f6b1456a-8fef-4089-b818-81770d49cd28}</UniqueIdentifier>
    </Filter>
    <Filter Include="Engine\Utils\Containers">
      <UniqueIdentifier>{0f92dbed-cd85-4b89-919d-4810ed34015e}</UniqueIdentifier>
    </Filter>
    <Filter Include="Engine\Utils\Text">
      <UniqueIdentifier>{482b4099-ec56-45dc-b5cd-ca4a5614906b}</UniqueIdentifier>
    </Filter>
    <Filter Include="Engine\Thread">
      <UniqueIdentifier>{adf22241-dcde-48d5-b8dc-0cbdd655e5ed}</UniqueIdentifier>
    </Filter>
    <Filter Include="Engine\PostEffect">
      <UniqueIdentifier>{cd004645-b61c-4c69-b6d4-5ab977e667f3}</UniqueIdentifier>
    </Filter>
    <Filter Include="Engine\Utils\Convert">
      <UniqueIdentifier>{b62b4b64-9d89-4d59-a066-c952dd2b03a4}</UniqueIdentifier>
    </Filter>
    <Filter Include="Engine\ResourceObject">
      <UniqueIdentifier>{9f131733-8ed5-4d79-b65f-c256cc53ca4c}</UniqueIdentifier>
    </Filter>
    <Filter Include="Engine\LevelEditor">
      <UniqueIdentifier>{5e0096df-e5e2-42a3-bc06-4b15755e82fd}</UniqueIdentifier>
    </Filter>
    <Filter Include="Natvis">
      <UniqueIdentifier>{a4773ae0-b1ac-46d8-89e4-32665fd8ee6f}</UniqueIdentifier>
    </Filter>
    <Filter Include="Engine\Utils\Types">
      <UniqueIdentifier>{3081b939-dfe2-4b1d-97f6-644deac1a732}</UniqueIdentifier>
    </Filter>
    <Filter Include="Engine\ComputeShader">
      <UniqueIdentifier>{fb813de0-fe90-4ae3-be62-c22d19c89866}</UniqueIdentifier>
    </Filter>
    <Filter Include="Engine\DxResource">
      <UniqueIdentifier>{d8a1e398-8a6a-4e49-b3c2-4609c8bf62e6}</UniqueIdentifier>
    </Filter>
    <Filter Include="Engine\SkinAnimation">
      <UniqueIdentifier>{c6da9d2c-2ed4-4d11-a0b6-c35505c6642c}</UniqueIdentifier>
    </Filter>
    <Filter Include="Engine\Render\SkyBox">
      <UniqueIdentifier>{16a09860-785d-4695-b3cf-b58e3c92aa56}</UniqueIdentifier>
    </Filter>
    <Filter Include="Game">
      <UniqueIdentifier>{70021064-7ab7-4ec2-9901-25c7e7295690}</UniqueIdentifier>
    </Filter>
    <Filter Include="Game\Entity">
      <UniqueIdentifier>{3111759b-0bb8-488a-a007-ceee6c80174c}</UniqueIdentifier>
    </Filter>
    <Filter Include="Game\Entity\Component">
      <UniqueIdentifier>{a686d45a-498c-4ad2-b9e7-3cbab9f39e24}</UniqueIdentifier>
    </Filter>
    <Filter Include="Game\Collision">
      <UniqueIdentifier>{2d432e2a-c249-44f0-95d4-ec01c6a7bc70}</UniqueIdentifier>
    </Filter>
    <Filter Include="Game\Object">
      <UniqueIdentifier>{3bbf4198-9917-49b3-b95c-1fe74a021585}</UniqueIdentifier>
    </Filter>
    <Filter Include="Game\Object\Particle">
      <UniqueIdentifier>{f27eee7f-b96d-41b7-8091-4390e104378f}</UniqueIdentifier>
    </Filter>
    <Filter Include="Game\Object\Particle\Particles">
      <UniqueIdentifier>{bfcbf39d-7f11-45dd-aeb4-c96e91717d21}</UniqueIdentifier>
    </Filter>
    <Filter Include="Game\Object\Particle\Particles\StarParticle">
      <UniqueIdentifier>{3451eb81-cad9-40d5-91ef-7928b32133c3}</UniqueIdentifier>
    </Filter>
    <Filter Include="Game\Object\Particle\Particles\TestParticle">
      <UniqueIdentifier>{f707e732-b8ea-4cf3-adc1-6cfc6dc57180}</UniqueIdentifier>
    </Filter>
    <Filter Include="Game\Object\Particle\Particles\GetParticle">
      <UniqueIdentifier>{5335fb9d-4068-44ac-a8c9-e761918551f0}</UniqueIdentifier>
    </Filter>
    <Filter Include="Game\Object\Particle\Particles\SimpleParticle">
      <UniqueIdentifier>{c5438e29-0751-412f-85c7-3b0af4efcce0}</UniqueIdentifier>
    </Filter>
    <Filter Include="Game\Object\Block">
      <UniqueIdentifier>{0701f625-dfe0-4534-bda1-06815d39c16b}</UniqueIdentifier>
    </Filter>
    <Filter Include="Game\Object\SkyDome">
      <UniqueIdentifier>{e5ac1d12-cd78-4c1b-88be-cc904778dc1b}</UniqueIdentifier>
    </Filter>
    <Filter Include="Game\Object\LevelUP">
      <UniqueIdentifier>{0853075c-ce76-491d-86e9-498ae9f16437}</UniqueIdentifier>
    </Filter>
    <Filter Include="Engine\ECS">
      <UniqueIdentifier>{44ca97f6-34d4-44d8-be16-15451311710c}</UniqueIdentifier>
    </Filter>
    <Filter Include="Engine\ECS\System">
      <UniqueIdentifier>{49b232f6-b920-49bf-b068-d7a1b0a86325}</UniqueIdentifier>
    </Filter>
    <Filter Include="Engine\ECS\Chunk">
      <UniqueIdentifier>{eade6eeb-5031-4a91-a192-01035414c7a7}</UniqueIdentifier>
    </Filter>
    <Filter Include="Engine\ECS\Example">
      <UniqueIdentifier>{8b2a0415-f076-41f8-b0d7-812caa8ef254}</UniqueIdentifier>
    </Filter>
    <Filter Include="Engine\Render\ModelInstancingRender">
      <UniqueIdentifier>{eeb99546-49af-4bf7-ade2-80ad8df8c756}</UniqueIdentifier>
    </Filter>
    <Filter Include="Engine\SceneManager">
      <UniqueIdentifier>{c00d54bc-e62e-426c-9fd2-c509f5fd56bb}</UniqueIdentifier>
    </Filter>
    <Filter Include="Engine\ResourceManager">
      <UniqueIdentifier>{55bd5988-fded-4dd6-9394-5de84f017934}</UniqueIdentifier>
    </Filter>
  </ItemGroup>
  <ItemGroup>
    <ClCompile Include="Scene\SceneManager.cpp">
      <Filter>Scene</Filter>
    </ClCompile>
    <ClCompile Include="Scene\GameScene.cpp">
      <Filter>Scene</Filter>
    </ClCompile>
    <ClCompile Include="Header\Entity\Component\ModelComp.cpp">
      <Filter>Game\Entity\Component</Filter>
    </ClCompile>
    <ClCompile Include="Header\Entity\Component\Rigidbody.cpp">
      <Filter>Game\Entity\Component</Filter>
    </ClCompile>
    <ClCompile Include="Header\Collision\Collision.cpp">
      <Filter>Game\Collision</Filter>
    </ClCompile>
    <ClCompile Include="Header\Entity\Component\HealthComp.cpp">
      <Filter>Game\Entity\Component</Filter>
    </ClCompile>
    <ClCompile Include="Header\Entity\Component\Projectile.cpp">
      <Filter>Game\Entity\Component</Filter>
    </ClCompile>
    <ClCompile Include="Engine\DirectBase\Render\Camera.cpp">
      <Filter>Engine\Render\Camera</Filter>
    </ClCompile>
    <ClCompile Include="Engine\DirectBase\Render\Render.cpp">
      <Filter>Engine\Render</Filter>
    </ClCompile>
    <ClCompile Include="Engine\DirectBase\Model\Model.cpp">
      <Filter>Engine\Model</Filter>
    </ClCompile>
    <ClCompile Include="Engine\DirectBase\Input\Input.cpp">
      <Filter>Engine\Input</Filter>
    </ClCompile>
    <ClCompile Include="Engine\DirectBase\File\GlobalVariables.cpp">
      <Filter>Engine\File</Filter>
    </ClCompile>
    <ClCompile Include="Engine\DirectBase\Create\Create.cpp">
      <Filter>Engine\Create</Filter>
    </ClCompile>
    <ClCompile Include="Engine\DirectBase\Base\Audio.cpp">
      <Filter>Engine\Base</Filter>
    </ClCompile>
    <ClCompile Include="Engine\DirectBase\Base\DirectXCommon.cpp">
      <Filter>Engine\Base</Filter>
    </ClCompile>
    <ClCompile Include="Engine\DirectBase\Base\ImGuiManager.cpp">
      <Filter>Engine\Base</Filter>
    </ClCompile>
    <ClCompile Include="Engine\DirectBase\Base\LeakChecker.cpp">
      <Filter>Engine\Base</Filter>
    </ClCompile>
    <ClCompile Include="Engine\DirectBase\Base\PipelineState.cpp">
      <Filter>Engine\Base</Filter>
    </ClCompile>
    <ClCompile Include="Engine\DirectBase\Base\Shader.cpp">
      <Filter>Engine\Base</Filter>
    </ClCompile>
    <ClCompile Include="Engine\DirectBase\Base\TextureManager.cpp">
      <Filter>Engine\Base</Filter>
    </ClCompile>
    <ClCompile Include="Engine\DirectBase\Base\WinApp.cpp">
      <Filter>Engine\Base</Filter>
    </ClCompile>
    <ClCompile Include="Engine\DirectBase\Texture\Texture.cpp">
      <Filter>Engine\Texture</Filter>
    </ClCompile>
    <ClCompile Include="Engine\DirectBase\3D\DirectionLight.cpp">
      <Filter>Engine\3D</Filter>
    </ClCompile>
    <ClCompile Include="Engine\DirectBase\2D\Sprite.cpp">
      <Filter>Engine\2D</Filter>
    </ClCompile>
    <ClCompile Include="Engine\SolEngine.cpp">
      <Filter>Engine</Filter>
    </ClCompile>
    <ClCompile Include="Engine\DirectBase\Model\ModelManager.cpp">
      <Filter>Engine\Model</Filter>
    </ClCompile>
    <ClCompile Include="Header\Entity\Entity.cpp">
      <Filter>Game\Entity</Filter>
    </ClCompile>
    <ClCompile Include="Header\Object\Player.cpp">
      <Filter>Game\Object</Filter>
    </ClCompile>
    <ClCompile Include="Header\Object\BaseCharacter.cpp">
      <Filter>Game\Object</Filter>
    </ClCompile>
    <ClCompile Include="Header\Object\FollowCamera.cpp">
      <Filter>Game\Object</Filter>
    </ClCompile>
    <ClCompile Include="Engine\DirectBase\Base\RootSignature.cpp">
      <Filter>Engine\Base</Filter>
    </ClCompile>
    <ClCompile Include="Engine\DirectBase\Base\MemoryUsageManager.cpp">
      <Filter>Engine\Base</Filter>
    </ClCompile>
    <ClCompile Include="Header\Entity\Component\FollowCameraComp.cpp">
      <Filter>Game\Entity\Component</Filter>
    </ClCompile>
    <ClCompile Include="Header\Object\Particle\ParticleManager.cpp">
      <Filter>Game\Object\Particle</Filter>
    </ClCompile>
    <ClCompile Include="Header\Object\Particle.cpp">
      <Filter>Game\Object\Particle</Filter>
    </ClCompile>
    <ClCompile Include="Header\Object\Particle\ParticleEmitter.cpp">
      <Filter>Game\Object\Particle</Filter>
    </ClCompile>
    <ClCompile Include="Header\Object\Particle\ParticleEmitterManager.cpp">
      <Filter>Game\Object\Particle</Filter>
    </ClCompile>
    <ClCompile Include="Header\Object\Particle\StarParticle.cpp">
      <Filter>Game\Object\Particle\Particles\StarParticle</Filter>
    </ClCompile>
    <ClCompile Include="Header\Object\Particle\TestParticle.cpp">
      <Filter>Game\Object\Particle\Particles\TestParticle</Filter>
    </ClCompile>
    <ClCompile Include="Engine\DirectBase\Render\CameraAnimations\CameraList.cpp">
      <Filter>Engine\Render\CameraAnimations</Filter>
    </ClCompile>
    <ClCompile Include="Engine\DirectBase\Render\CameraAnimations\CameraManager.cpp">
      <Filter>Engine\Render\CameraAnimations</Filter>
    </ClCompile>
    <ClCompile Include="Engine\DirectBase\Render\CameraAnimations\CameraAnimation.cpp">
      <Filter>Engine\Render\CameraAnimations</Filter>
    </ClCompile>
    <ClCompile Include="Engine\DirectBase\Render\CameraAnimations\CameraAnimManager.cpp">
      <Filter>Engine\Render\CameraAnimations</Filter>
    </ClCompile>
    <ClCompile Include="Header\Object\Block\BlockManager.cpp">
      <Filter>Game\Object\Block</Filter>
    </ClCompile>
    <ClCompile Include="Scene\TitleScene.cpp">
      <Filter>Scene</Filter>
    </ClCompile>
    <ClCompile Include="Header\Object\Fade.cpp">
      <Filter>Game\Object</Filter>
    </ClCompile>
    <ClCompile Include="Header\Object\SkyDome\SkyDome.cpp">
      <Filter>Game\Object\SkyDome</Filter>
    </ClCompile>
    <ClCompile Include="Header\Object\Particle\GetParticle.cpp">
      <Filter>Game\Object\Particle\Particles\GetParticle</Filter>
    </ClCompile>
    <ClCompile Include="Engine\ECS\Component\Component.cpp">
      <Filter>Engine\ECS</Filter>
    </ClCompile>
    <ClCompile Include="Engine\ECS\Entity\EntityManager.cpp">
      <Filter>Engine\ECS</Filter>
    </ClCompile>
    <ClCompile Include="Engine\ECS\World\World.cpp">
      <Filter>Engine\ECS</Filter>
    </ClCompile>
    <ClCompile Include="Engine\ECS\MultiArray.cpp">
      <Filter>Engine\ECS</Filter>
    </ClCompile>
    <ClCompile Include="Engine\ECS\System\SystemManager.cpp">
      <Filter>Engine\ECS</Filter>
    </ClCompile>
    <ClCompile Include="Engine\DirectBase\Model\BoneModel.cpp">
      <Filter>Engine\Model</Filter>
    </ClCompile>
    <ClCompile Include="Header\Object\Ground.cpp">
      <Filter>Game\Object</Filter>
    </ClCompile>
    <ClCompile Include="Scene\CGTaskScene.cpp">
      <Filter>Scene</Filter>
    </ClCompile>
    <ClCompile Include="Engine\ECS\System\Systems.cpp">
      <Filter>Engine\ECS\System</Filter>
    </ClCompile>
    <ClCompile Include="main.cpp">
      <Filter>ソース ファイル</Filter>
    </ClCompile>
    <ClCompile Include="Header\Object\HealthBar.cpp">
      <Filter>Game\Object</Filter>
    </ClCompile>
    <ClCompile Include="Header\Object\Particle\SimpleParticle.cpp">
      <Filter>Game\Object\Particle\Particles\SimpleParticle</Filter>
    </ClCompile>
    <ClCompile Include="Engine\DirectBase\PostEffect\OffScreenRendering.cpp">
      <Filter>Engine\PostEffect</Filter>
    </ClCompile>
    <ClCompile Include="Engine\ResourceObject\ResourceObjectManager.cpp">
      <Filter>Engine\ResourceObject</Filter>
    </ClCompile>
    <ClCompile Include="Engine\DirectBase\Model\AssimpData.cpp">
      <Filter>Engine\Model</Filter>
    </ClCompile>
    <ClCompile Include="Engine\DirectBase\Model\Mesh.cpp">
      <Filter>Engine\Model</Filter>
    </ClCompile>
    <ClCompile Include="Engine\LevelEditor\LevelData.cpp">
      <Filter>Engine\LevelEditor</Filter>
    </ClCompile>
    <ClCompile Include="Engine\LevelEditor\LevelImporter.cpp">
      <Filter>Engine\LevelEditor</Filter>
    </ClCompile>
    <ClCompile Include="Engine\DirectBase\Model\Material.cpp">
      <Filter>Engine\Model</Filter>
    </ClCompile>
    <ClCompile Include="Engine\DirectBase\Model\ModelData.cpp">
      <Filter>Engine\Model</Filter>
    </ClCompile>
    <ClCompile Include="Engine\DirectBase\Texture\FullScreenTextureStrage.cpp">
      <Filter>Engine\Texture</Filter>
    </ClCompile>
    <ClCompile Include="Engine\DirectBase\Model\ModelRender.cpp">
      <Filter>Engine\Model</Filter>
    </ClCompile>
    <ClCompile Include="Engine\DirectBase\Model\SkinClusterBase.cpp">
      <Filter>Engine\Model</Filter>
    </ClCompile>
    <ClCompile Include="Engine\DirectBase\ComputeShader\SkinningComputeShader.cpp">
      <Filter>Engine\ComputeShader</Filter>
    </ClCompile>
    <ClCompile Include="Engine\DirectBase\Model\MeshInfluence.cpp">
      <Filter>Engine\Model</Filter>
    </ClCompile>
    <ClCompile Include="Engine\DirectBase\Model\ModelVertexData.cpp">
      <Filter>Engine\Model</Filter>
    </ClCompile>
    <ClCompile Include="Engine\DirectBase\Model\ModelInfluence.cpp">
      <Filter>Engine\Model</Filter>
    </ClCompile>
    <ClCompile Include="Engine\DirectBase\Model\SkeletonReference.cpp">
      <Filter>Engine\Model</Filter>
    </ClCompile>
    <ClCompile Include="Engine\DirectBase\SkinAnimation\SkinAnimation.cpp">
      <Filter>Engine\SkinAnimation</Filter>
    </ClCompile>
    <ClCompile Include="Engine\DirectBase\Render\SkyBox\SkyBox.cpp">
      <Filter>Engine\Render\SkyBox</Filter>
    </ClCompile>
    <ClCompile Include="Engine\ECS\World\ComponentArray\Chunk.cpp">
      <Filter>Engine\ECS\Chunk</Filter>
    </ClCompile>
    <ClCompile Include="Engine\ECS\World\ComponentArray\EntityArrayStorage.cpp">
      <Filter>Engine\ECS\Chunk</Filter>
    </ClCompile>
    <ClCompile Include="Engine\ECS\World\ComponentArray\ChunkRange.cpp">
      <Filter>Engine\ECS\Chunk</Filter>
    </ClCompile>
    <ClCompile Include="Engine\ECS\World\ComponentArray\ChunkIterator.cpp">
      <Filter>Engine\ECS\Chunk</Filter>
    </ClCompile>
    <ClCompile Include="Engine\ECS\Entity\Spawner.cpp">
      <Filter>Engine\ECS</Filter>
    </ClCompile>
    <ClCompile Include="Engine\ECS\System\FunctionalSystem.cpp">
      <Filter>Engine\ECS\System</Filter>
    </ClCompile>
    <ClCompile Include="Engine\ECS\World\NewWorld.cpp">
      <Filter>Engine\ECS</Filter>
    </ClCompile>
    <ClCompile Include="Engine\ECS\System\NewSystems.cpp">
      <Filter>Engine\ECS\System</Filter>
    </ClCompile>
    <ClCompile Include="Engine\DirectBase\Model\SkeletonAnimation\ModelAnimation.cpp">
      <Filter>Engine\Model</Filter>
    </ClCompile>
    <ClCompile Include="Engine\DirectBase\Model\SkeletonAnimation\ModelNode.cpp">
      <Filter>Engine\Model</Filter>
    </ClCompile>
    <ClCompile Include="Engine\DirectBase\Model\SkeletonAnimation\Skeleton.cpp">
      <Filter>Engine\Model</Filter>
    </ClCompile>
    <ClCompile Include="Engine\DirectBase\2D\SpriteDrawer.cpp">
      <Filter>Engine\2D</Filter>
    </ClCompile>
    <ClCompile Include="Header\Object\PlayerLevel\LevelUP.cpp">
      <Filter>Game\Object\LevelUP</Filter>
    </ClCompile>
    <ClCompile Include="Engine\Utils\Math\Angle.cpp">
      <Filter>Engine\Utils\Math</Filter>
    </ClCompile>
    <ClCompile Include="Engine\Utils\SoLib\SoLib_Easing.cpp">
      <Filter>Engine\Utils\SoLib</Filter>
    </ClCompile>
    <ClCompile Include="Engine\Utils\SoLib\SoLib_ImGui.cpp">
      <Filter>Engine\Utils\SoLib</Filter>
    </ClCompile>
    <ClCompile Include="Engine\Utils\SoLib\SoLib_Json.cpp">
      <Filter>Engine\Utils\SoLib</Filter>
    </ClCompile>
    <ClCompile Include="Engine\Utils\SoLib\SoLib_Lerp.cpp">
      <Filter>Engine\Utils\SoLib</Filter>
    </ClCompile>
    <ClCompile Include="Engine\Utils\SoLib\SoLib_Timer.cpp">
      <Filter>Engine\Utils\SoLib</Filter>
    </ClCompile>
    <ClCompile Include="Engine\Utils\Math\Math.cpp">
      <Filter>Engine\Utils\Math</Filter>
    </ClCompile>
    <ClCompile Include="Engine\Utils\Math\Matrix2x2.cpp">
      <Filter>Engine\Utils\Math</Filter>
    </ClCompile>
    <ClCompile Include="Engine\Utils\Math\Matrix3x3.cpp">
      <Filter>Engine\Utils\Math</Filter>
    </ClCompile>
    <ClCompile Include="Engine\Utils\Math\Matrix4x4.cpp">
      <Filter>Engine\Utils\Math</Filter>
    </ClCompile>
    <ClCompile Include="Engine\Utils\Math\Random.cpp">
      <Filter>Engine\Utils\Math</Filter>
    </ClCompile>
    <ClCompile Include="Engine\Utils\Math\Quaternion.cpp">
      <Filter>Engine\Utils\Math</Filter>
    </ClCompile>
    <ClCompile Include="Engine\Utils\Math\Polar.cpp">
      <Filter>Engine\Utils\Math</Filter>
    </ClCompile>
    <ClCompile Include="Engine\Utils\Math\ValueRange.cpp">
      <Filter>Engine\Utils\Math</Filter>
    </ClCompile>
    <ClCompile Include="Engine\Utils\Math\Vector2.cpp">
      <Filter>Engine\Utils\Math</Filter>
    </ClCompile>
    <ClCompile Include="Engine\Utils\Math\Vector3.cpp">
      <Filter>Engine\Utils\Math</Filter>
    </ClCompile>
    <ClCompile Include="Engine\Utils\Math\Vector3Norm.cpp">
      <Filter>Engine\Utils\Math</Filter>
    </ClCompile>
    <ClCompile Include="Engine\Utils\Math\Vector4.cpp">
      <Filter>Engine\Utils\Math</Filter>
    </ClCompile>
    <ClCompile Include="Engine\Utils\Math\Transform.cpp">
      <Filter>Engine\Utils\Math</Filter>
    </ClCompile>
    <ClCompile Include="Engine\Utils\Math\TransformMatrix.cpp">
      <Filter>Engine\Utils\Math</Filter>
    </ClCompile>
    <ClCompile Include="Engine\Utils\Graphics\Color.cpp">
      <Filter>Engine\Utils\Graphics</Filter>
    </ClCompile>
    <ClCompile Include="Engine\Utils\IO\CSV.cpp">
      <Filter>Engine\Utils\IO</Filter>
    </ClCompile>
    <ClCompile Include="Engine\Utils\IO\File.cpp">
      <Filter>Engine\Utils\IO</Filter>
    </ClCompile>
    <ClCompile Include="Engine\Utils\Convert\Convert.cpp">
      <Filter>Engine\Utils\Convert</Filter>
    </ClCompile>
    <ClCompile Include="Engine\DirectBase\Render\ModelInstancingRender\ModelInstancingRender.cpp">
      <Filter>Engine\Render\ModelInstancingRender</Filter>
    </ClCompile>
    <ClCompile Include="Engine\DirectBase\Model\ResourceModel.cpp">
      <Filter>Engine\Model</Filter>
    </ClCompile>
    <ClCompile Include="Engine\ResourceManager\ResourceLoader.cpp">
      <Filter>ソース ファイル</Filter>
    </ClCompile>
  </ItemGroup>
  <ItemGroup>
    <ClInclude Include="Scene\SceneManager.h">
      <Filter>Scene</Filter>
    </ClInclude>
    <ClInclude Include="Scene\GameScene.h">
      <Filter>Scene</Filter>
    </ClInclude>
    <ClInclude Include="Scene\TitleScene.h">
      <Filter>Scene</Filter>
    </ClInclude>
    <ClInclude Include="Header\Entity\Component\Collider.h">
      <Filter>Game\Entity\Component</Filter>
    </ClInclude>
    <ClInclude Include="Header\Entity\Component\ModelComp.h">
      <Filter>Game\Entity\Component</Filter>
    </ClInclude>
    <ClInclude Include="Header\Entity\Component\Rigidbody.h">
      <Filter>Game\Entity\Component</Filter>
    </ClInclude>
    <ClInclude Include="Header\Collision\Collision.h">
      <Filter>Game\Collision</Filter>
    </ClInclude>
    <ClInclude Include="Header\Entity\Component\Projectile.h">
      <Filter>Game\Entity\Component</Filter>
    </ClInclude>
    <ClInclude Include="Header\Entity\Component\HealthComp.h">
      <Filter>Game\Entity\Component</Filter>
    </ClInclude>
    <ClInclude Include="Header\Entity\Component\ComponentManager.h">
      <Filter>Game\Entity\Component</Filter>
    </ClInclude>
    <ClInclude Include="Engine\SolEngine.h">
      <Filter>Engine</Filter>
    </ClInclude>
    <ClInclude Include="Engine\DirectBase\Render\Camera.h">
      <Filter>Engine\Render\Camera</Filter>
    </ClInclude>
    <ClInclude Include="Engine\DirectBase\Render\Render.h">
      <Filter>Engine\Render</Filter>
    </ClInclude>
    <ClInclude Include="Engine\DirectBase\Model\MinecraftModel.h">
      <Filter>Engine\Model</Filter>
    </ClInclude>
    <ClInclude Include="Engine\DirectBase\Model\Model.h">
      <Filter>Engine\Model</Filter>
    </ClInclude>
    <ClInclude Include="Engine\DirectBase\Model\ModelManager.h">
      <Filter>Engine\Model</Filter>
    </ClInclude>
    <ClInclude Include="Engine\DirectBase\Input\Input.h">
      <Filter>Engine\Input</Filter>
    </ClInclude>
    <ClInclude Include="Engine\DirectBase\File\GlobalVariables.h">
      <Filter>Engine\File</Filter>
    </ClInclude>
    <ClInclude Include="Engine\DirectBase\File\VariantItem.h">
      <Filter>Engine\File</Filter>
    </ClInclude>
    <ClInclude Include="Engine\DirectBase\Descriptor\DescriptorHandle.h">
      <Filter>Engine\Descriptor</Filter>
    </ClInclude>
    <ClInclude Include="Engine\DirectBase\Create\Create.h">
      <Filter>Engine\Create</Filter>
    </ClInclude>
    <ClInclude Include="Engine\DirectBase\Base\Audio.h">
      <Filter>Engine\Base</Filter>
    </ClInclude>
    <ClInclude Include="Engine\DirectBase\Base\CBuffer.h">
      <Filter>Engine\Base</Filter>
    </ClInclude>
    <ClInclude Include="Engine\DirectBase\Base\DirectXCommon.h">
      <Filter>Engine\Base</Filter>
    </ClInclude>
    <ClInclude Include="Engine\DirectBase\Base\ImGuiManager.h">
      <Filter>Engine\Base</Filter>
    </ClInclude>
    <ClInclude Include="Engine\DirectBase\Base\LeakChecker.h">
      <Filter>Engine\Base</Filter>
    </ClInclude>
    <ClInclude Include="Engine\DirectBase\Base\PipelineState.h">
      <Filter>Engine\Base</Filter>
    </ClInclude>
    <ClInclude Include="Engine\DirectBase\Base\ResourceLoader.h">
      <Filter>Engine\Base</Filter>
    </ClInclude>
    <ClInclude Include="Engine\DirectBase\Base\Shader.h">
      <Filter>Engine\Base</Filter>
    </ClInclude>
    <ClInclude Include="Engine\DirectBase\Base\TextureManager.h">
      <Filter>Engine\Base</Filter>
    </ClInclude>
    <ClInclude Include="Engine\DirectBase\Base\WinApp.h">
      <Filter>Engine\Base</Filter>
    </ClInclude>
    <ClInclude Include="Engine\DirectBase\String\String.h">
      <Filter>Engine\String</Filter>
    </ClInclude>
    <ClInclude Include="Engine\DirectBase\Texture\Texture.h">
      <Filter>Engine\Texture</Filter>
    </ClInclude>
    <ClInclude Include="Engine\DirectBase\3D\DirectionLight.h">
      <Filter>Engine\3D</Filter>
    </ClInclude>
    <ClInclude Include="Engine\DirectBase\2D\Sprite.h">
      <Filter>Engine\2D</Filter>
    </ClInclude>
    <ClInclude Include="Header\Entity\Entity.h">
      <Filter>Game\Entity</Filter>
    </ClInclude>
    <ClInclude Include="Header\Object\FollowCamera.h">
      <Filter>Game\Object</Filter>
    </ClInclude>
    <ClInclude Include="Header\Object\Player.h">
      <Filter>Game\Object</Filter>
    </ClInclude>
    <ClInclude Include="Header\Object\BaseCharacter.h">
      <Filter>Game\Object</Filter>
    </ClInclude>
    <ClInclude Include="Engine\DirectBase\Descriptor\DescriptorManager.h">
      <Filter>Engine\Descriptor</Filter>
    </ClInclude>
    <ClInclude Include="Engine\DirectBase\Base\StructBuffer.h">
      <Filter>Engine\Base</Filter>
    </ClInclude>
    <ClInclude Include="Engine\DirectBase\Base\VertexBuffer.h">
      <Filter>Engine\Base</Filter>
    </ClInclude>
    <ClInclude Include="Engine\DirectBase\Base\RootSignature.h">
      <Filter>Engine\Base</Filter>
    </ClInclude>
    <ClInclude Include="Engine\DirectBase\Base\MemoryUsageManager.h">
      <Filter>Engine\Base</Filter>
    </ClInclude>
    <ClInclude Include="Header\Entity\Component\FollowCameraComp.h">
      <Filter>Game\Entity\Component</Filter>
    </ClInclude>
    <ClInclude Include="Header\Object\Particle\ParticleManager.h">
      <Filter>Game\Object\Particle</Filter>
    </ClInclude>
    <ClInclude Include="Header\Object\Particle.h">
      <Filter>Game\Object\Particle</Filter>
    </ClInclude>
    <ClInclude Include="Header\Object\Particle\ParticleEmitter.h">
      <Filter>Game\Object\Particle</Filter>
    </ClInclude>
    <ClInclude Include="Header\Object\Particle\ParticleEmitterManager.h">
      <Filter>Game\Object\Particle</Filter>
    </ClInclude>
    <ClInclude Include="Header\Object\Particle\StarParticle.h">
      <Filter>Game\Object\Particle\Particles\StarParticle</Filter>
    </ClInclude>
    <ClInclude Include="Header\Object\Particle\ParticleList.h">
      <Filter>Game\Object\Particle\Particles</Filter>
    </ClInclude>
    <ClInclude Include="Header\Object\Particle\TestParticle.h">
      <Filter>Game\Object\Particle\Particles\TestParticle</Filter>
    </ClInclude>
    <ClInclude Include="Engine\DirectBase\Render\CameraAnimations\CameraList.h">
      <Filter>Engine\Render\CameraAnimations</Filter>
    </ClInclude>
    <ClInclude Include="Engine\DirectBase\Render\CameraAnimations\CameraManager.h">
      <Filter>Engine\Render\CameraAnimations</Filter>
    </ClInclude>
    <ClInclude Include="Engine\DirectBase\Render\CameraAnimations\CameraAnimation.h">
      <Filter>Engine\Render\CameraAnimations</Filter>
    </ClInclude>
    <ClInclude Include="Engine\DirectBase\Render\CameraAnimations\CameraAnimManager.h">
      <Filter>Engine\Render\CameraAnimations</Filter>
    </ClInclude>
    <ClInclude Include="Header\Object\Block\BlockManager.h">
      <Filter>Game\Object\Block</Filter>
    </ClInclude>
    <ClInclude Include="Header\Object\Fade.h">
      <Filter>Game\Object</Filter>
    </ClInclude>
    <ClInclude Include="Header\Object\SkyDome\SkyDome.h">
      <Filter>Game\Object\SkyDome</Filter>
    </ClInclude>
    <ClInclude Include="Header\Object\Particle\GetParticle.h">
      <Filter>Game\Object\Particle\Particles\GetParticle</Filter>
    </ClInclude>
    <ClInclude Include="Engine\ECS\Component\Component.hpp">
      <Filter>Engine\ECS</Filter>
    </ClInclude>
    <ClInclude Include="Engine\ECS\Entity\Entity.hpp">
      <Filter>Engine\ECS</Filter>
    </ClInclude>
    <ClInclude Include="Engine\ECS\Entity\EntityManager.hpp">
      <Filter>Engine\ECS</Filter>
    </ClInclude>
    <ClInclude Include="Engine\ECS\World\World.hpp">
      <Filter>Engine\ECS</Filter>
    </ClInclude>
    <ClInclude Include="Engine\ECS\Chunk\Chunk.hpp">
      <Filter>Engine\ECS</Filter>
    </ClInclude>
    <ClInclude Include="Engine\ECS\MultiArray.h">
      <Filter>Engine\ECS</Filter>
    </ClInclude>
    <ClInclude Include="Engine\ECS\Archetype.h">
      <Filter>Engine\ECS</Filter>
    </ClInclude>
    <ClInclude Include="Engine\ECS\System\SystemManager.h">
      <Filter>Engine\ECS</Filter>
    </ClInclude>
    <ClInclude Include="Engine\ECS\Entity\Prefab.h">
      <Filter>Engine\ECS</Filter>
    </ClInclude>
    <ClInclude Include="Engine\ECS\System\Systems.h">
      <Filter>Engine\ECS\System</Filter>
    </ClInclude>
    <ClInclude Include="Engine\ECS\System\ISystem.h">
      <Filter>Engine\ECS\System</Filter>
    </ClInclude>
    <ClInclude Include="Engine\DirectBase\Model\BoneModel.h">
      <Filter>Engine\Model</Filter>
    </ClInclude>
    <ClInclude Include="Header\Object\Ground.h">
      <Filter>Game\Object</Filter>
    </ClInclude>
    <ClInclude Include="Scene\CGTaskScene.h">
      <Filter>Scene</Filter>
    </ClInclude>
    <ClInclude Include="Engine\DirectBase\Thread\ThreadPool.h">
      <Filter>Engine\Thread</Filter>
    </ClInclude>
    <ClInclude Include="Engine\ECS\System\System.h">
      <Filter>Engine\ECS\System</Filter>
    </ClInclude>
    <ClInclude Include="Header\Object\HealthBar.h">
      <Filter>Game\Object</Filter>
    </ClInclude>
    <ClInclude Include="Header\Object\Particle\SimpleParticle.h">
      <Filter>Game\Object\Particle\Particles\SimpleParticle</Filter>
    </ClInclude>
    <ClInclude Include="Engine\ECS\Entity\Spawner.h">
      <Filter>Engine\ECS</Filter>
    </ClInclude>
    <ClInclude Include="Engine\ECS\ClassData.h">
      <Filter>Engine\ECS</Filter>
    </ClInclude>
    <ClInclude Include="Engine\DirectBase\PostEffect\OffScreenRendering.h">
      <Filter>Engine\PostEffect</Filter>
    </ClInclude>
    <ClInclude Include="Engine\DirectBase\Base\EngineObject.h">
      <Filter>Engine\Base</Filter>
    </ClInclude>
    <ClInclude Include="Engine\ResourceObject\ResourceObjectManager.h">
      <Filter>Engine\ResourceObject</Filter>
    </ClInclude>
    <ClInclude Include="Engine\ResourceObject\ResourceObject.h">
      <Filter>Engine\ResourceObject</Filter>
    </ClInclude>
    <ClInclude Include="Engine\DirectBase\Model\Mesh.h">
      <Filter>Engine\Model</Filter>
    </ClInclude>
    <ClInclude Include="Engine\DirectBase\Model\AssimpData.h">
      <Filter>Engine\Model</Filter>
    </ClInclude>
    <ClInclude Include="Engine\LevelEditor\LevelData.h">
      <Filter>Engine\LevelEditor</Filter>
    </ClInclude>
    <ClInclude Include="Engine\LevelEditor\LevelImporter.h">
      <Filter>Engine\LevelEditor</Filter>
    </ClInclude>
    <ClInclude Include="Engine\DirectBase\Model\Material.h">
      <Filter>Engine\Model</Filter>
    </ClInclude>
    <ClInclude Include="Engine\DirectBase\Model\ModelData.h">
      <Filter>Engine\Model</Filter>
    </ClInclude>
    <ClInclude Include="Engine\DirectBase\Model\ModelRender.h">
      <Filter>Engine\Model</Filter>
    </ClInclude>
    <ClInclude Include="Engine\ECS\Component\ComponentRegistry.h">
      <Filter>Engine\ECS</Filter>
    </ClInclude>
    <ClInclude Include="Engine\DirectBase\Texture\FullScreenTextureStrage.h">
      <Filter>Engine\Texture</Filter>
    </ClInclude>
    <ClInclude Include="Engine\DirectBase\Model\SkinClusterBase.h">
      <Filter>Engine\Model</Filter>
    </ClInclude>
    <ClInclude Include="Engine\DirectBase\ComputeShader\SkinningComputeShader.h">
      <Filter>Engine\ComputeShader</Filter>
    </ClInclude>
    <ClInclude Include="Engine\DirectBase\DxResource\DxResourceBuffer.h">
      <Filter>Engine\DxResource</Filter>
    </ClInclude>
    <ClInclude Include="Engine\DirectBase\DxResource\DxResourceBufferPool.h">
      <Filter>Engine\DxResource</Filter>
    </ClInclude>
    <ClInclude Include="Engine\DirectBase\Model\SkinCluster.h">
      <Filter>Engine\Model</Filter>
    </ClInclude>
    <ClInclude Include="Engine\DirectBase\Model\MeshInfluence.h">
      <Filter>Engine\Model</Filter>
    </ClInclude>
    <ClInclude Include="Engine\DirectBase\Model\SkeletonReference.h">
      <Filter>Engine\Model</Filter>
    </ClInclude>
    <ClInclude Include="Engine\DirectBase\Model\ModelVertexData.h">
      <Filter>Engine\Model</Filter>
    </ClInclude>
    <ClInclude Include="Engine\DirectBase\Model\ModelInfluence.h">
      <Filter>Engine\Model</Filter>
    </ClInclude>
    <ClInclude Include="Engine\DirectBase\Model\ModelInfluence.h">
      <Filter>Engine\Model</Filter>
    </ClInclude>
    <ClInclude Include="Engine\DirectBase\DxResource\DxResourceBufferPoolManager.h">
      <Filter>Engine\DxResource</Filter>
    </ClInclude>
    <ClInclude Include="Engine\DirectBase\Model\InstancingRenderer.h">
      <Filter>Engine\Model</Filter>
    </ClInclude>
    <ClInclude Include="Engine\EngineLayer.hpp">
      <Filter>Engine</Filter>
    </ClInclude>
    <ClInclude Include="Engine\DirectBase\SkinAnimation\SkinAnimation.h">
      <Filter>Engine\SkinAnimation</Filter>
    </ClInclude>
    <ClInclude Include="Engine\DirectBase\Render\SkyBox\SkyBox.h">
      <Filter>Engine\Render\SkyBox</Filter>
    </ClInclude>
    <ClInclude Include="Engine\ECS\World\ComponentArray\Chunk.h">
      <Filter>Engine\ECS\Chunk</Filter>
    </ClInclude>
    <ClInclude Include="Engine\ECS\World\ComponentArray\ComponentArray.h">
      <Filter>Engine\ECS\Chunk</Filter>
    </ClInclude>
    <ClInclude Include="Engine\ECS\World\ComponentArray\ComponentData.h">
      <Filter>Engine\ECS\Chunk</Filter>
    </ClInclude>
    <ClInclude Include="Engine\ECS\World\ComponentArray\EntityArrayStorage.h">
      <Filter>Engine\ECS\Chunk</Filter>
    </ClInclude>
    <ClInclude Include="Engine\ECS\World\ComponentArray\ChunkIterator.h">
      <Filter>Engine\ECS\Chunk</Filter>
    </ClInclude>
    <ClInclude Include="Engine\ECS\World\ComponentArray\ChunkRange.h">
      <Filter>Engine\ECS\Chunk</Filter>
    </ClInclude>
    <ClInclude Include="Engine\ECS\System\FunctionalSystem.h">
      <Filter>Engine\ECS\System</Filter>
    </ClInclude>
    <ClInclude Include="Engine\ECS\World\NewWorld.h">
      <Filter>Engine\ECS</Filter>
    </ClInclude>
    <ClInclude Include="Engine\ECS\System\NewSystems.h">
      <Filter>Engine\ECS\System</Filter>
    </ClInclude>
    <ClInclude Include="Engine\DirectBase\Model\SkeletonAnimation\ModelAnimation.h">
      <Filter>Engine\Model</Filter>
    </ClInclude>
    <ClInclude Include="Engine\DirectBase\Model\SkeletonAnimation\ModelNode.h">
      <Filter>Engine\Model</Filter>
    </ClInclude>
    <ClInclude Include="Engine\DirectBase\Model\SkeletonAnimation\Skeleton.h">
      <Filter>Engine\Model</Filter>
    </ClInclude>
    <ClInclude Include="Header\Object\PlayerLevel\LevelUP.h">
      <Filter>Game\Object\LevelUP</Filter>
    </ClInclude>
    <ClInclude Include="Engine\DirectBase\2D\NewSprite.h">
      <Filter>Engine\2D</Filter>
    </ClInclude>
    <ClInclude Include="Engine\DirectBase\2D\SpriteDrawer.h">
      <Filter>Engine\2D</Filter>
    </ClInclude>
    <ClInclude Include="Engine\Utils\Math\Angle.h">
      <Filter>Engine\Utils\Math</Filter>
    </ClInclude>
    <ClInclude Include="Engine\Utils\Math\AlignasVector3.h">
      <Filter>Engine\Utils\Math</Filter>
    </ClInclude>
    <ClInclude Include="Engine\Utils\SoLib\SoLib_Traits.h">
      <Filter>Engine\Utils\SoLib</Filter>
    </ClInclude>
    <ClInclude Include="Engine\Utils\SoLib\SoLib_Easing.h">
      <Filter>Engine\Utils\SoLib</Filter>
    </ClInclude>
    <ClInclude Include="Engine\Utils\SoLib\SoLib_ImGui.h">
      <Filter>Engine\Utils\SoLib</Filter>
    </ClInclude>
    <ClInclude Include="Engine\Utils\SoLib\SoLib_Json.h">
      <Filter>Engine\Utils\SoLib</Filter>
    </ClInclude>
    <ClInclude Include="Engine\Utils\SoLib\SoLib_Lerp.h">
      <Filter>Engine\Utils\SoLib</Filter>
    </ClInclude>
    <ClInclude Include="Engine\Utils\SoLib\SoLib_Timer.h">
      <Filter>Engine\Utils\SoLib</Filter>
    </ClInclude>
    <ClInclude Include="Engine\Utils\SoLib\SoLib.h">
      <Filter>Engine\Utils\SoLib</Filter>
    </ClInclude>
    <ClInclude Include="Engine\Utils\Math\Math.hpp">
      <Filter>Engine\Utils\Math</Filter>
    </ClInclude>
    <ClInclude Include="Engine\Utils\Math\Matrix.h">
      <Filter>Engine\Utils\Math</Filter>
    </ClInclude>
    <ClInclude Include="Engine\Utils\Math\Matrix2x2.h">
      <Filter>Engine\Utils\Math</Filter>
    </ClInclude>
    <ClInclude Include="Engine\Utils\Math\Matrix2x3.h">
      <Filter>Engine\Utils\Math</Filter>
    </ClInclude>
    <ClInclude Include="Engine\Utils\Math\Matrix3x3.h">
      <Filter>Engine\Utils\Math</Filter>
    </ClInclude>
    <ClInclude Include="Engine\Utils\Math\Matrix4x4.h">
      <Filter>Engine\Utils\Math</Filter>
    </ClInclude>
    <ClInclude Include="Engine\Utils\Math\Random.h">
      <Filter>Engine\Utils\Math</Filter>
    </ClInclude>
    <ClInclude Include="Engine\Utils\Math\Quaternion.h">
      <Filter>Engine\Utils\Math</Filter>
    </ClInclude>
    <ClInclude Include="Engine\Utils\Math\Polar.h">
      <Filter>Engine\Utils\Math</Filter>
    </ClInclude>
    <ClInclude Include="Engine\Utils\Math\Vector4.h">
      <Filter>Engine\Utils\Math</Filter>
    </ClInclude>
    <ClInclude Include="Engine\Utils\Math\ValueRange.h">
      <Filter>Engine\Utils\Math</Filter>
    </ClInclude>
    <ClInclude Include="Engine\Utils\Math\Vector2.h">
      <Filter>Engine\Utils\Math</Filter>
    </ClInclude>
    <ClInclude Include="Engine\Utils\Math\Vector3.h">
      <Filter>Engine\Utils\Math</Filter>
    </ClInclude>
    <ClInclude Include="Engine\Utils\Math\Vector3Norm.h">
      <Filter>Engine\Utils\Math</Filter>
    </ClInclude>
    <ClInclude Include="Engine\Utils\Math\TransformMatrix.h">
      <Filter>Engine\Utils\Math</Filter>
    </ClInclude>
    <ClInclude Include="Engine\Utils\Math\Transform.h">
      <Filter>Engine\Utils\Math</Filter>
    </ClInclude>
    <ClInclude Include="Engine\Utils\Math\Euler.h">
      <Filter>Engine\Utils\Math</Filter>
    </ClInclude>
    <ClInclude Include="Engine\Utils\Types\TypeID.h">
      <Filter>Engine\Utils\Types</Filter>
    </ClInclude>
    <ClInclude Include="Engine\Utils\Graphics\Color.h">
      <Filter>Engine\Utils\Graphics</Filter>
    </ClInclude>
    <ClInclude Include="Engine\Utils\IO\CSV.h">
      <Filter>Engine\Utils\IO</Filter>
    </ClInclude>
    <ClInclude Include="Engine\Utils\IO\File.h">
      <Filter>Engine\Utils\IO</Filter>
    </ClInclude>
    <ClInclude Include="Engine\Utils\Text\ConstString.h">
      <Filter>Engine\Utils\Text</Filter>
    </ClInclude>
    <ClInclude Include="Engine\Utils\Convert\Convert.h">
      <Filter>Engine\Utils\Convert</Filter>
    </ClInclude>
    <ClInclude Include="Engine\Utils\Math\SimdCalc.h">
      <Filter>Engine\Utils\Math</Filter>
    </ClInclude>
    <ClInclude Include="Engine\Utils\Text\StaticString.h">
      <Filter>Engine\Utils\Text</Filter>
    </ClInclude>
    <ClInclude Include="Engine\Utils\Math\FloatArray.h">
      <Filter>Engine\Utils\Math</Filter>
    </ClInclude>
    <ClInclude Include="Engine\Utils\Containers\WrappingClass.h">
      <Filter>Engine\Utils\Containers</Filter>
    </ClInclude>
    <ClInclude Include="Engine\Utils\Containers\AlignasWrapper.h">
      <Filter>Engine\Utils\Containers</Filter>
    </ClInclude>
    <ClInclude Include="Engine\Utils\Containers\Array2D.h">
      <Filter>Engine\Utils\Containers</Filter>
    </ClInclude>
    <ClInclude Include="Engine\Utils\Containers\ConstVector.h">
      <Filter>Engine\Utils\Containers</Filter>
    </ClInclude>
    <ClInclude Include="Engine\Utils\Containers\CustomVectors.h">
      <Filter>Engine\Utils\Containers</Filter>
    </ClInclude>
    <ClInclude Include="Engine\Utils\Containers\Manager.h">
      <Filter>Engine\Utils\Containers</Filter>
    </ClInclude>
    <ClInclude Include="Engine\Utils\Containers\Singleton.h">
      <Filter>Engine\Utils\Containers</Filter>
    </ClInclude>
    <ClInclude Include="Engine\Utils\Containers\UnChainVector.h">
      <Filter>Engine\Utils\Containers</Filter>
    </ClInclude>
    <ClInclude Include="Engine\ECS\Example\ECSCollisionManager.h">
      <Filter>Engine\ECS\Example</Filter>
    </ClInclude>
    <ClInclude Include="Engine\DirectBase\Render\ModelInstancingRender\ModelInstancingRender.h">
      <Filter>Engine\Render\ModelInstancingRender</Filter>
    </ClInclude>
    <ClInclude Include="Engine\DirectBase\Model\ResourceModel.h">
      <Filter>Engine\Model</Filter>
    </ClInclude>
    <ClInclude Include="Engine\SceneManager\SceneLoader.h">
      <Filter>Engine\SceneManager</Filter>
    </ClInclude>
    <ClInclude Include="Engine\SceneManager\SceneData.h">
      <Filter>Engine\SceneManager</Filter>
    </ClInclude>
    <ClInclude Include="Engine\ResourceManager\ResourceLoader.h">
      <Filter>Engine\ResourceManager</Filter>
    </ClInclude>
  </ItemGroup>
  <ItemGroup>
    <FxCompile Include="resources\shader\Sprite.PS.hlsl">
      <Filter>Engine\Shader</Filter>
    </FxCompile>
    <FxCompile Include="resources\shader\Sprite.VS.hlsl">
      <Filter>Engine\Shader</Filter>
    </FxCompile>
    <FxCompile Include="resources\shader\Object3d.PS.hlsl">
      <Filter>Engine\Shader</Filter>
    </FxCompile>
    <FxCompile Include="resources\shader\Object3d.VS.hlsl">
      <Filter>Engine\Shader</Filter>
    </FxCompile>
    <FxCompile Include="resources\shader\Particle.PS.hlsl">
      <Filter>Engine\Shader</Filter>
    </FxCompile>
    <FxCompile Include="resources\shader\Particle.VS.hlsl">
      <Filter>Engine\Shader</Filter>
    </FxCompile>
    <FxCompile Include="resources\shader\ShaderParticle.PS.hlsl">
      <Filter>Engine\Shader</Filter>
    </FxCompile>
    <FxCompile Include="resources\shader\FullScreen.VS.hlsl">
      <Filter>Engine\Shader</Filter>
    </FxCompile>
    <FxCompile Include="resources\shader\FullScreen.PS.hlsl">
      <Filter>Engine\Shader</Filter>
    </FxCompile>
    <FxCompile Include="resources\shader\SkinningObject3d.VS.hlsl">
      <Filter>Engine\Shader</Filter>
    </FxCompile>
    <FxCompile Include="resources\shader\SkinningParticle.VS.hlsl">
      <Filter>Engine\Shader</Filter>
    </FxCompile>
    <FxCompile Include="resources\shader\Vignetting.PS.hlsl">
      <Filter>Engine\Shader</Filter>
    </FxCompile>
    <FxCompile Include="resources\shader\Smoothing.PS.hlsl">
      <Filter>Engine\Shader</Filter>
    </FxCompile>
    <FxCompile Include="resources\shader\GaussianFilter.PS.hlsl">
      <Filter>Engine\Shader</Filter>
    </FxCompile>
    <FxCompile Include="resources\shader\GaussianFilterLiner.PS.hlsl">
      <Filter>Engine\Shader</Filter>
    </FxCompile>
    <FxCompile Include="resources\shader\Skinning.CS.hlsl">
      <Filter>Engine\Shader</Filter>
    </FxCompile>
    <FxCompile Include="resources\shader\GrayScale.PS.hlsl">
      <Filter>Engine\Shader</Filter>
    </FxCompile>
    <FxCompile Include="resources\shader\HsvFillter.PS.hlsl">
      <Filter>Engine\Shader</Filter>
    </FxCompile>
    <FxCompile Include="resources\shader\SkyBox.VS.hlsl">
      <Filter>Engine\Shader</Filter>
    </FxCompile>
    <FxCompile Include="resources\shader\SkyBox.PS.hlsl">
      <Filter>Engine\Shader</Filter>
    </FxCompile>
  </ItemGroup>
  <ItemGroup>
    <None Include="resources\shader\Object3d.hlsli">
      <Filter>Engine\Shader</Filter>
    </None>
    <None Include="resources\shader\Sprite.hlsli">
      <Filter>Engine\Shader</Filter>
    </None>
    <None Include="resources\shader\Particle.hlsli">
      <Filter>Engine\Shader</Filter>
    </None>
    <None Include="resources\shader\Math.hlsli">
      <Filter>Engine\Shader</Filter>
    </None>
    <None Include="resources\shader\FullScreen.hlsli">
      <Filter>Engine\Shader</Filter>
    </None>
    <None Include="resources\shader\SkyBox.hlsli">
      <Filter>Engine\Shader</Filter>
    </None>
  </ItemGroup>
  <ItemGroup>
    <Natvis Include="Natvis\ResourceHandle.natvis">
      <Filter>Natvis</Filter>
    </Natvis>
  </ItemGroup>
</Project>